
Microsoft Visual Studio Solution File, Format Version 12.00
# Visual Studio Version 17
VisualStudioVersion = 17.8.34525.116
MinimumVisualStudioVersion = 10.0.40219.1
Project("{FAE04EC0-301F-11D3-BF4B-00C04F79EFBC}") = "Programming Practice", "Programming Practice.csproj", "{9EC2D3B4-3243-4FA0-A5F9-993CF769B0ED}"
EndProject
Global
	GlobalSection(SolutionConfigurationPlatforms) = preSolution
		Debug|Any CPU = Debug|Any CPU
		Release|Any CPU = Release|Any CPU
	EndGlobalSection
	GlobalSection(ProjectConfigurationPlatforms) = postSolution
		{9EC2D3B4-3243-4FA0-A5F9-993CF769B0ED}.Debug|Any CPU.ActiveCfg = Debug|Any CPU
		{9EC2D3B4-3243-4FA0-A5F9-993CF769B0ED}.Debug|Any CPU.Build.0 = Debug|Any CPU
		{9EC2D3B4-3243-4FA0-A5F9-993CF769B0ED}.Release|Any CPU.ActiveCfg = Release|Any CPU
		{9EC2D3B4-3243-4FA0-A5F9-993CF769B0ED}.Release|Any CPU.Build.0 = Release|Any CPU
	EndGlobalSection
	GlobalSection(SolutionProperties) = preSolution
		HideSolutionNode = FALSE
	EndGlobalSection
	GlobalSection(ExtensibilityGlobals) = postSolution
		SolutionGuid = {6234007E-2A23-49C6-8D59-9A861BC699AD}
	EndGlobalSection
EndGlobal
